%{"amqp": {:hex, :amqp, "0.1.4", "5d9112c3a850234559073c23fda173364dfd11d8ce8d0138cd46f653fdc55f08", [:mix], [{:amqp_client, ">= 3.5.6", [hex: :amqp_client, optional: false]}]},
  "amqp_client": {:git, "https://github.com/jbrisbin/amqp_client", "d50aec00b94f0766a048b4eceaf25ddfdeeb1d86", []},
  "bunt": {:hex, :bunt, "0.1.6", "5d95a6882f73f3b9969fdfd1953798046664e6f77ec4e486e6fafc7caad97c6f", [:mix], []},
  "credo": {:hex, :credo, "0.4.11", "03a64e9d53309b7132556284dda0be57ba1013885725124cfea7748d740c6170", [:mix], [{:bunt, "~> 0.1.6", [hex: :bunt, optional: false]}]},
  "meck": {:hex, :meck, "0.8.4", "59ca1cd971372aa223138efcf9b29475bde299e1953046a0c727184790ab1520", [:rebar, :make], []},
  "mock": {:hex, :mock, "0.1.3", "657937b03f88fce89b3f7d6becc9f1ec1ac19c71081aeb32117db9bc4d9b3980", [:mix], [{:meck, "~> 0.8.2", [hex: :meck, optional: false]}]},
  "poison": {:hex, :poison, "2.2.0", "4763b69a8a77bd77d26f477d196428b741261a761257ff1cf92753a0d4d24a63", [:mix], []},
  "rabbit_common": {:git, "https://github.com/jbrisbin/rabbit_common.git", "80814606ae23cc820c74e443383e192cd69ec030", [ref: ""]}}
